
Microsoft Visual Studio Solution File, Format Version 12.00
# Visual Studio Version 17
VisualStudioVersion = 17.14.37111.16 d17.14
MinimumVisualStudioVersion = 10.0.40219.1
Project("{FAE04EC0-301F-11D3-BF4B-00C04F79EFBC}") = "Comp003B.Assignment 6", "Comp003B.Assignment 6\Comp003B.Assignment 6.csproj", "{02EBE2A8-8266-44C5-A53D-0C9169D5F57C}"
EndProject
Global
	GlobalSection(SolutionConfigurationPlatforms) = preSolution
		Debug|Any CPU = Debug|Any CPU
		Release|Any CPU = Release|Any CPU
	EndGlobalSection
	GlobalSection(ProjectConfigurationPlatforms) = postSolution
		{02EBE2A8-8266-44C5-A53D-0C9169D5F57C}.Debug|Any CPU.ActiveCfg = Debug|Any CPU
		{02EBE2A8-8266-44C5-A53D-0C9169D5F57C}.Debug|Any CPU.Build.0 = Debug|Any CPU
		{02EBE2A8-8266-44C5-A53D-0C9169D5F57C}.Release|Any CPU.ActiveCfg = Release|Any CPU
		{02EBE2A8-8266-44C5-A53D-0C9169D5F57C}.Release|Any CPU.Build.0 = Release|Any CPU
	EndGlobalSection
	GlobalSection(SolutionProperties) = preSolution
		HideSolutionNode = FALSE
	EndGlobalSection
	GlobalSection(ExtensibilityGlobals) = postSolution
		SolutionGuid = {BC5096E2-BB0D-4FC6-BF26-22FC9E231B91}
	EndGlobalSection
EndGlobal
